
Microsoft Visual Studio Solution File, Format Version 12.00
# Visual Studio Version 17
VisualStudioVersion = 17.2.32516.85
MinimumVisualStudioVersion = 10.0.40219.1
Project("{FAE04EC0-301F-11D3-BF4B-00C04F79EFBC}") = "butgem-github-test-repo1", "butgem-github-test-repo1.csproj", "{B029633B-7FF9-4057-AABB-099B336B1CCC}"
EndProject
Global
	GlobalSection(SolutionConfigurationPlatforms) = preSolution
		Debug|Any CPU = Debug|Any CPU
		Release|Any CPU = Release|Any CPU
	EndGlobalSection
	GlobalSection(ProjectConfigurationPlatforms) = postSolution
		{B029633B-7FF9-4057-AABB-099B336B1CCC}.Debug|Any CPU.ActiveCfg = Debug|Any CPU
		{B029633B-7FF9-4057-AABB-099B336B1CCC}.Debug|Any CPU.Build.0 = Debug|Any CPU
		{B029633B-7FF9-4057-AABB-099B336B1CCC}.Release|Any CPU.ActiveCfg = Release|Any CPU
		{B029633B-7FF9-4057-AABB-099B336B1CCC}.Release|Any CPU.Build.0 = Release|Any CPU
	EndGlobalSection
	GlobalSection(SolutionProperties) = preSolution
		HideSolutionNode = FALSE
	EndGlobalSection
	GlobalSection(ExtensibilityGlobals) = postSolution
		SolutionGuid = {97D8EE44-21F2-4CA8-9CF0-5610BDC9EB22}
	EndGlobalSection
EndGlobal
